PODS:
  - Alamofire (5.8.0)
  - MBProgressHUD (1.2.0)
  - ObjectMapper (4.2.0)
  - SDWebImage (5.18.3):
    - SDWebImage/Core (= 5.18.3)
  - SDWebImage/Core (5.18.3)
  - SwiftyJSON (5.0.1)

DEPENDENCIES:
  - Alamofire
  - MBProgressHUD
  - ObjectMapper
  - SDWebImage
  - SwiftyJSON

SPEC REPOS:
  trunk:
    - Alamofire
    - MBProgressHUD
    - ObjectMapper
    - SDWebImage
    - SwiftyJSON

SPEC CHECKSUMS:
  Alamofire: 0e92e751b3e9e66d7982db43919d01f313b8eb91
  MBProgressHUD: 3ee5efcc380f6a79a7cc9b363dd669c5e1ae7406
  ObjectMapper: 1eb41f610210777375fa806bf161dc39fb832b81
  SDWebImage: 96e0c18ef14010b7485210e92fac888587ebb958
  SwiftyJSON: 2f33a42c6fbc52764d96f13368585094bfd8aa5e

PODFILE CHECKSUM: f28529d349d5d740c2b9f24a403be82f5057512d

COCOAPODS: 1.14.3
